
Microsoft Visual Studio Solution File, Format Version 12.00
# Visual Studio Version 16
VisualStudioVersion = 16.0.810.15
MinimumVisualStudioVersion = 10.0.40219.1
Project("{FAE04EC0-301F-11D3-BF4B-00C04F79EFBC}") = "KrossLab_3", "KrossLab_3.csproj", "{484E4078-C372-4F63-8B55-36F23242E9F2}"
EndProject
Global
	GlobalSection(SolutionConfigurationPlatforms) = preSolution
		Debug|anycpu = Debug|anycpu
		Release|anycpu = Release|anycpu
	EndGlobalSection
	GlobalSection(ProjectConfigurationPlatforms) = postSolution
		{484E4078-C372-4F63-8B55-36F23242E9F2}.Debug|anycpu.ActiveCfg = Debug|anycpu
		{484E4078-C372-4F63-8B55-36F23242E9F2}.Debug|anycpu.Build.0 = Debug|anycpu
		{484E4078-C372-4F63-8B55-36F23242E9F2}.Release|anycpu.ActiveCfg = Release|anycpu
		{484E4078-C372-4F63-8B55-36F23242E9F2}.Release|anycpu.Build.0 = Release|anycpu
	EndGlobalSection
	GlobalSection(SolutionProperties) = preSolution
		HideSolutionNode = FALSE
	EndGlobalSection
	GlobalSection(ExtensibilityGlobals) = postSolution
		SolutionGuid = {D6FD8254-9881-4C65-BAA0-E6AE50AE4E87}
	EndGlobalSection
EndGlobal
